
Microsoft Visual Studio Solution File, Format Version 12.00
# Visual Studio Version 16
VisualStudioVersion = 16.0.33214.272
MinimumVisualStudioVersion = 10.0.40219.1
Project("{FAE04EC0-301F-11D3-BF4B-00C04F79EFBC}") = "Day4MVC", "Day4(MVC)\Day4MVC.csproj", "{3828F109-87F7-44F9-98F7-55262B2A6D0E}"
EndProject
Global
	GlobalSection(SolutionConfigurationPlatforms) = preSolution
		Debug|Any CPU = Debug|Any CPU
		Release|Any CPU = Release|Any CPU
	EndGlobalSection
	GlobalSection(ProjectConfigurationPlatforms) = postSolution
		{3828F109-87F7-44F9-98F7-55262B2A6D0E}.Debug|Any CPU.ActiveCfg = Debug|Any CPU
		{3828F109-87F7-44F9-98F7-55262B2A6D0E}.Debug|Any CPU.Build.0 = Debug|Any CPU
		{3828F109-87F7-44F9-98F7-55262B2A6D0E}.Release|Any CPU.ActiveCfg = Release|Any CPU
		{3828F109-87F7-44F9-98F7-55262B2A6D0E}.Release|Any CPU.Build.0 = Release|Any CPU
	EndGlobalSection
	GlobalSection(SolutionProperties) = preSolution
		HideSolutionNode = FALSE
	EndGlobalSection
	GlobalSection(ExtensibilityGlobals) = postSolution
		SolutionGuid = {21A3C77A-48DF-4880-8BD7-E4A03A11EDBC}
	EndGlobalSection
EndGlobal
