
Microsoft Visual Studio Solution File, Format Version 12.00
# Visual Studio Version 16
VisualStudioVersion = 16.0.33214.272
MinimumVisualStudioVersion = 10.0.40219.1
Project("{FAE04EC0-301F-11D3-BF4B-00C04F79EFBC}") = "Day3(MVC)", "Day3(MVC)\Day3(MVC).csproj", "{4F287426-9226-4612-BBDF-AD9C94973851}"
EndProject
Global
	GlobalSection(SolutionConfigurationPlatforms) = preSolution
		Debug|Any CPU = Debug|Any CPU
		Release|Any CPU = Release|Any CPU
	EndGlobalSection
	GlobalSection(ProjectConfigurationPlatforms) = postSolution
		{4F287426-9226-4612-BBDF-AD9C94973851}.Debug|Any CPU.ActiveCfg = Debug|Any CPU
		{4F287426-9226-4612-BBDF-AD9C94973851}.Debug|Any CPU.Build.0 = Debug|Any CPU
		{4F287426-9226-4612-BBDF-AD9C94973851}.Release|Any CPU.ActiveCfg = Release|Any CPU
		{4F287426-9226-4612-BBDF-AD9C94973851}.Release|Any CPU.Build.0 = Release|Any CPU
	EndGlobalSection
	GlobalSection(SolutionProperties) = preSolution
		HideSolutionNode = FALSE
	EndGlobalSection
	GlobalSection(ExtensibilityGlobals) = postSolution
		SolutionGuid = {E5DB02CD-13AC-46D9-BAFC-889701634C38}
	EndGlobalSection
EndGlobal
